
Microsoft Visual Studio Solution File, Format Version 12.00
# Visual Studio 15
VisualStudioVersion = 15.0.28010.2016
MinimumVisualStudioVersion = 10.0.40219.1
Project("{FAE04EC0-301F-11D3-BF4B-00C04F79EFBC}") = "easy-tickets", "easy-tickets\easy-tickets.csproj", "{9401F0CF-224B-414F-B9D8-AD788DE9FC12}"
EndProject
Global
	GlobalSection(SolutionConfigurationPlatforms) = preSolution
		Debug|Any CPU = Debug|Any CPU
		Release|Any CPU = Release|Any CPU
	EndGlobalSection
	GlobalSection(ProjectConfigurationPlatforms) = postSolution
		{9401F0CF-224B-414F-B9D8-AD788DE9FC12}.Debug|Any CPU.ActiveCfg = Debug|Any CPU
		{9401F0CF-224B-414F-B9D8-AD788DE9FC12}.Debug|Any CPU.Build.0 = Debug|Any CPU
		{9401F0CF-224B-414F-B9D8-AD788DE9FC12}.Release|Any CPU.ActiveCfg = Release|Any CPU
		{9401F0CF-224B-414F-B9D8-AD788DE9FC12}.Release|Any CPU.Build.0 = Release|Any CPU
	EndGlobalSection
	GlobalSection(SolutionProperties) = preSolution
		HideSolutionNode = FALSE
	EndGlobalSection
	GlobalSection(ExtensibilityGlobals) = postSolution
		SolutionGuid = {16D5ECF7-4D9B-41CE-B222-ECDB4564C72D}
	EndGlobalSection
EndGlobal
